
Microsoft Visual Studio Solution File, Format Version 12.00
# Visual Studio Version 17
VisualStudioVersion = 17.10.35201.131
MinimumVisualStudioVersion = 10.0.40219.1
Project("{2150E333-8FDC-42A3-9474-1A3956D46DE8}") = "Contracts", "Contracts", "{1F0DE859-ECE0-44A8-879A-2E3DAE10AF78}"
EndProject
Project("{2150E333-8FDC-42A3-9474-1A3956D46DE8}") = "src", "src", "{FED18AB0-24C4-4FC2-81AF-EDB7D005AD01}"
EndProject
Project("{FAE04EC0-301F-11D3-BF4B-00C04F79EFBC}") = "Contracts", "Contracts\Contracts.csproj", "{1062E606-A602-41D4-9BC9-3367D71F8FE6}"
EndProject
Project("{FAE04EC0-301F-11D3-BF4B-00C04F79EFBC}") = "Domain", "Domain\Domain.csproj", "{0FC74E76-5E78-4D42-A19B-07029AEA1AB2}"
EndProject
Project("{FAE04EC0-301F-11D3-BF4B-00C04F79EFBC}") = "Infrastructure", "Infrastructure\Infrastructure.csproj", "{63BBFE08-6AA2-4D22-86D8-C32A7BFAC809}"
EndProject
Global
	GlobalSection(SolutionConfigurationPlatforms) = preSolution
		Debug|Any CPU = Debug|Any CPU
		Release|Any CPU = Release|Any CPU
	EndGlobalSection
	GlobalSection(ProjectConfigurationPlatforms) = postSolution
		{1062E606-A602-41D4-9BC9-3367D71F8FE6}.Debug|Any CPU.ActiveCfg = Debug|Any CPU
		{1062E606-A602-41D4-9BC9-3367D71F8FE6}.Debug|Any CPU.Build.0 = Debug|Any CPU
		{1062E606-A602-41D4-9BC9-3367D71F8FE6}.Release|Any CPU.ActiveCfg = Release|Any CPU
		{1062E606-A602-41D4-9BC9-3367D71F8FE6}.Release|Any CPU.Build.0 = Release|Any CPU
		{0FC74E76-5E78-4D42-A19B-07029AEA1AB2}.Debug|Any CPU.ActiveCfg = Debug|Any CPU
		{0FC74E76-5E78-4D42-A19B-07029AEA1AB2}.Debug|Any CPU.Build.0 = Debug|Any CPU
		{0FC74E76-5E78-4D42-A19B-07029AEA1AB2}.Release|Any CPU.ActiveCfg = Release|Any CPU
		{0FC74E76-5E78-4D42-A19B-07029AEA1AB2}.Release|Any CPU.Build.0 = Release|Any CPU
		{63BBFE08-6AA2-4D22-86D8-C32A7BFAC809}.Debug|Any CPU.ActiveCfg = Debug|Any CPU
		{63BBFE08-6AA2-4D22-86D8-C32A7BFAC809}.Debug|Any CPU.Build.0 = Debug|Any CPU
		{63BBFE08-6AA2-4D22-86D8-C32A7BFAC809}.Release|Any CPU.ActiveCfg = Release|Any CPU
		{63BBFE08-6AA2-4D22-86D8-C32A7BFAC809}.Release|Any CPU.Build.0 = Release|Any CPU
	EndGlobalSection
	GlobalSection(SolutionProperties) = preSolution
		HideSolutionNode = FALSE
	EndGlobalSection
	GlobalSection(NestedProjects) = preSolution
		{1062E606-A602-41D4-9BC9-3367D71F8FE6} = {1F0DE859-ECE0-44A8-879A-2E3DAE10AF78}
		{0FC74E76-5E78-4D42-A19B-07029AEA1AB2} = {FED18AB0-24C4-4FC2-81AF-EDB7D005AD01}
		{63BBFE08-6AA2-4D22-86D8-C32A7BFAC809} = {FED18AB0-24C4-4FC2-81AF-EDB7D005AD01}
	EndGlobalSection
	GlobalSection(ExtensibilityGlobals) = postSolution
		SolutionGuid = {D62204BE-7805-45D0-9CDC-0F3A2E94911F}
	EndGlobalSection
EndGlobal
